// !$*UTF8*$!
{
	archiveVersion = 1;
	classes = {
	};
	objectVersion = 51;
	objects = {

/* Begin PBXBuildFile section */
		980EBAB4235877B500A7DFD7 /* AddPayoutTableViewCell.swift in Sources */ = {isa = PBXBuildFile; fileRef = 980EBAB3235877B500A7DFD7 /* AddPayoutTableViewCell.swift */; };
		981AC4CA23573B7E009C7D0E /* SignUpViewController.swift in Sources */ = {isa = PBXBuildFile; fileRef = 981AC4C923573B7E009C7D0E /* SignUpViewController.swift */; };
		981AC4CC235740CA009C7D0E /* ActiveAcountViewController.swift in Sources */ = {isa = PBXBuildFile; fileRef = 981AC4CB235740CA009C7D0E /* ActiveAcountViewController.swift */; };
		981AC4D0235746AB009C7D0E /* HeaderView.swift in Sources */ = {isa = PBXBuildFile; fileRef = 981AC4CF235746AB009C7D0E /* HeaderView.swift */; };
		981AC4D2235746BE009C7D0E /* HeaderView.xib in Resources */ = {isa = PBXBuildFile; fileRef = 981AC4D1235746BE009C7D0E /* HeaderView.xib */; };
		981AC4D423574E14009C7D0E /* AddPayoutViewController.swift in Sources */ = {isa = PBXBuildFile; fileRef = 981AC4D323574E14009C7D0E /* AddPayoutViewController.swift */; };
		9832C76923549F64005155E9 /* OnBoardingSecondViewController.swift in Sources */ = {isa = PBXBuildFile; fileRef = 9832C76823549F64005155E9 /* OnBoardingSecondViewController.swift */; };
		9832C76B23549FDA005155E9 /* OnBoardingThirdViewController.swift in Sources */ = {isa = PBXBuildFile; fileRef = 9832C76A23549FDA005155E9 /* OnBoardingThirdViewController.swift */; };
		9832C76D2354A2E1005155E9 /* OnBoardingFirstViewController.swift in Sources */ = {isa = PBXBuildFile; fileRef = 9832C76C2354A2E1005155E9 /* OnBoardingFirstViewController.swift */; };
		983A03F12350B53C00EB27C7 /* GoogleService-Info.plist in Resources */ = {isa = PBXBuildFile; fileRef = 983A03F02350B53C00EB27C7 /* GoogleService-Info.plist */; };
		987892C42358AA6600027292 /* MainNavigationController.swift in Sources */ = {isa = PBXBuildFile; fileRef = 987892C32358AA6600027292 /* MainNavigationController.swift */; };
		987D34FA2350B48100446250 /* AppDelegate.swift in Sources */ = {isa = PBXBuildFile; fileRef = 987D34F92350B48100446250 /* AppDelegate.swift */; };
		987D35012350B48100446250 /* OnBoarding.storyboard in Resources */ = {isa = PBXBuildFile; fileRef = 987D34FF2350B48100446250 /* OnBoarding.storyboard */; };
		987D35032350B48200446250 /* Assets.xcassets in Resources */ = {isa = PBXBuildFile; fileRef = 987D35022350B48200446250 /* Assets.xcassets */; };
		987D35062350B48200446250 /* LaunchScreen.storyboard in Resources */ = {isa = PBXBuildFile; fileRef = 987D35042350B48200446250 /* LaunchScreen.storyboard */; };
		988614722355DA380023F0CE /* DesignableButton.swift in Sources */ = {isa = PBXBuildFile; fileRef = 988614712355DA380023F0CE /* DesignableButton.swift */; };
		988614742355DF9D0023F0CE /* RegisterViewController.swift in Sources */ = {isa = PBXBuildFile; fileRef = 988614732355DF9D0023F0CE /* RegisterViewController.swift */; };
		988614762355E8240023F0CE /* LogInViewController.swift in Sources */ = {isa = PBXBuildFile; fileRef = 988614752355E8240023F0CE /* LogInViewController.swift */; };
		988614782355EB0F0023F0CE /* ForgotPasswordViewController.swift in Sources */ = {isa = PBXBuildFile; fileRef = 988614772355EB0F0023F0CE /* ForgotPasswordViewController.swift */; };
		98BF65852350BC7B0047A3E6 /* SceneDelegate.swift in Sources */ = {isa = PBXBuildFile; fileRef = 98BF65842350BC7B0047A3E6 /* SceneDelegate.swift */; };
		98F8443A23573887003BA8EA /* SignUp.storyboard in Resources */ = {isa = PBXBuildFile; fileRef = 98F8443923573887003BA8EA /* SignUp.storyboard */; };
		98FAD7C92354CB3A004F89B7 /* Start.storyboard in Resources */ = {isa = PBXBuildFile; fileRef = 98FAD7C82354CB3A004F89B7 /* Start.storyboard */; };
		98FAD7CC2354CE1A004F89B7 /* StartViewController.swift in Sources */ = {isa = PBXBuildFile; fileRef = 98FAD7CB2354CE1A004F89B7 /* StartViewController.swift */; };
		98FD1B0B23588AE000BACBB6 /* Handyman.swift in Sources */ = {isa = PBXBuildFile; fileRef = 98FD1B0A23588AE000BACBB6 /* Handyman.swift */; };
		98FD1B0D23589E0200BACBB6 /* Customer.swift in Sources */ = {isa = PBXBuildFile; fileRef = 98FD1B0C23589E0200BACBB6 /* Customer.swift */; };
		A0BDC5356149FB5F51EA4BFB /* Pods_Handyman.framework in Frameworks */ = {isa = PBXBuildFile; fileRef = E1A232C6955CCA542A1E5B87 /* Pods_Handyman.framework */; };
		EDDBFDAD236064CA009E4E23 /* HandymanProfile.storyboard in Resources */ = {isa = PBXBuildFile; fileRef = EDDBFDAC236064CA009E4E23 /* HandymanProfile.storyboard */; };
		EDDBFDB0236066D1009E4E23 /* HandimanProfileViewController.swift in Sources */ = {isa = PBXBuildFile; fileRef = EDDBFDAF236066D1009E4E23 /* HandimanProfileViewController.swift */; };
		EDDBFDB323607836009E4E23 /* CustomTextField.xib in Resources */ = {isa = PBXBuildFile; fileRef = EDDBFDB223607836009E4E23 /* CustomTextField.xib */; };
		EDDBFDB5236078F0009E4E23 /* CustomTextField.swift in Sources */ = {isa = PBXBuildFile; fileRef = EDDBFDB4236078F0009E4E23 /* CustomTextField.swift */; };
/* End PBXBuildFile section */

/* Begin PBXFileReference section */
		549E9867D7B46D3F7EA2FA55 /* Pods-Handyman.debug.xcconfig */ = {isa = PBXFileReference; includeInIndex = 1; lastKnownFileType = text.xcconfig; name = "Pods-Handyman.debug.xcconfig"; path = "Target Support Files/Pods-Handyman/Pods-Handyman.debug.xcconfig"; sourceTree = "<group>"; };
		980EBAB3235877B500A7DFD7 /* AddPayoutTableViewCell.swift */ = {isa = PBXFileReference; lastKnownFileType = sourcecode.swift; path = AddPayoutTableViewCell.swift; sourceTree = "<group>"; };
		981AC4C923573B7E009C7D0E /* SignUpViewController.swift */ = {isa = PBXFileReference; lastKnownFileType = sourcecode.swift; path = SignUpViewController.swift; sourceTree = "<group>"; };
		981AC4CB235740CA009C7D0E /* ActiveAcountViewController.swift */ = {isa = PBXFileReference; lastKnownFileType = sourcecode.swift; path = ActiveAcountViewController.swift; sourceTree = "<group>"; };
		981AC4CF235746AB009C7D0E /* HeaderView.swift */ = {isa = PBXFileReference; lastKnownFileType = sourcecode.swift; path = HeaderView.swift; sourceTree = "<group>"; };
		981AC4D1235746BE009C7D0E /* HeaderView.xib */ = {isa = PBXFileReference; lastKnownFileType = file.xib; path = HeaderView.xib; sourceTree = "<group>"; };
		981AC4D323574E14009C7D0E /* AddPayoutViewController.swift */ = {isa = PBXFileReference; lastKnownFileType = sourcecode.swift; path = AddPayoutViewController.swift; sourceTree = "<group>"; };
		9832C76823549F64005155E9 /* OnBoardingSecondViewController.swift */ = {isa = PBXFileReference; lastKnownFileType = sourcecode.swift; path = OnBoardingSecondViewController.swift; sourceTree = "<group>"; };
		9832C76A23549FDA005155E9 /* OnBoardingThirdViewController.swift */ = {isa = PBXFileReference; lastKnownFileType = sourcecode.swift; path = OnBoardingThirdViewController.swift; sourceTree = "<group>"; };
		9832C76C2354A2E1005155E9 /* OnBoardingFirstViewController.swift */ = {isa = PBXFileReference; lastKnownFileType = sourcecode.swift; path = OnBoardingFirstViewController.swift; sourceTree = "<group>"; };
		983A03F02350B53C00EB27C7 /* GoogleService-Info.plist */ = {isa = PBXFileReference; fileEncoding = 4; lastKnownFileType = text.plist.xml; path = "GoogleService-Info.plist"; sourceTree = "<group>"; };
		987892C32358AA6600027292 /* MainNavigationController.swift */ = {isa = PBXFileReference; fileEncoding = 4; lastKnownFileType = sourcecode.swift; path = MainNavigationController.swift; sourceTree = "<group>"; };
		987D34F62350B48100446250 /* Handyman.app */ = {isa = PBXFileReference; explicitFileType = wrapper.application; includeInIndex = 0; path = Handyman.app; sourceTree = BUILT_PRODUCTS_DIR; };
		987D34F92350B48100446250 /* AppDelegate.swift */ = {isa = PBXFileReference; lastKnownFileType = sourcecode.swift; path = AppDelegate.swift; sourceTree = "<group>"; };
		987D35002350B48100446250 /* Base */ = {isa = PBXFileReference; lastKnownFileType = file.storyboard; name = Base; path = Base.lproj/OnBoarding.storyboard; sourceTree = "<group>"; };
		987D35022350B48200446250 /* Assets.xcassets */ = {isa = PBXFileReference; lastKnownFileType = folder.assetcatalog; path = Assets.xcassets; sourceTree = "<group>"; };
		987D35052350B48200446250 /* Base */ = {isa = PBXFileReference; lastKnownFileType = file.storyboard; name = Base; path = Base.lproj/LaunchScreen.storyboard; sourceTree = "<group>"; };
		987D35072350B48200446250 /* Info.plist */ = {isa = PBXFileReference; lastKnownFileType = text.plist.xml; path = Info.plist; sourceTree = "<group>"; };
		988614712355DA380023F0CE /* DesignableButton.swift */ = {isa = PBXFileReference; fileEncoding = 4; lastKnownFileType = sourcecode.swift; path = DesignableButton.swift; sourceTree = "<group>"; };
		988614732355DF9D0023F0CE /* RegisterViewController.swift */ = {isa = PBXFileReference; lastKnownFileType = sourcecode.swift; path = RegisterViewController.swift; sourceTree = "<group>"; };
		988614752355E8240023F0CE /* LogInViewController.swift */ = {isa = PBXFileReference; lastKnownFileType = sourcecode.swift; path = LogInViewController.swift; sourceTree = "<group>"; };
		988614772355EB0F0023F0CE /* ForgotPasswordViewController.swift */ = {isa = PBXFileReference; lastKnownFileType = sourcecode.swift; path = ForgotPasswordViewController.swift; sourceTree = "<group>"; };
		98BF65842350BC7B0047A3E6 /* SceneDelegate.swift */ = {isa = PBXFileReference; fileEncoding = 4; lastKnownFileType = sourcecode.swift; path = SceneDelegate.swift; sourceTree = "<group>"; };
		98F8443923573887003BA8EA /* SignUp.storyboard */ = {isa = PBXFileReference; lastKnownFileType = file.storyboard; path = SignUp.storyboard; sourceTree = "<group>"; };
		98FAD7C82354CB3A004F89B7 /* Start.storyboard */ = {isa = PBXFileReference; lastKnownFileType = file.storyboard; path = Start.storyboard; sourceTree = "<group>"; };
		98FAD7CB2354CE1A004F89B7 /* StartViewController.swift */ = {isa = PBXFileReference; lastKnownFileType = sourcecode.swift; path = StartViewController.swift; sourceTree = "<group>"; };
		98FD1B0A23588AE000BACBB6 /* Handyman.swift */ = {isa = PBXFileReference; lastKnownFileType = sourcecode.swift; path = Handyman.swift; sourceTree = "<group>"; };
		98FD1B0C23589E0200BACBB6 /* Customer.swift */ = {isa = PBXFileReference; lastKnownFileType = sourcecode.swift; path = Customer.swift; sourceTree = "<group>"; };
		E1A232C6955CCA542A1E5B87 /* Pods_Handyman.framework */ = {isa = PBXFileReference; explicitFileType = wrapper.framework; includeInIndex = 0; path = Pods_Handyman.framework; sourceTree = BUILT_PRODUCTS_DIR; };
		E2B4CD1FBFA933C973BE31FD /* Pods-Handyman.release.xcconfig */ = {isa = PBXFileReference; includeInIndex = 1; lastKnownFileType = text.xcconfig; name = "Pods-Handyman.release.xcconfig"; path = "Target Support Files/Pods-Handyman/Pods-Handyman.release.xcconfig"; sourceTree = "<group>"; };
		EDDBFDAC236064CA009E4E23 /* HandymanProfile.storyboard */ = {isa = PBXFileReference; lastKnownFileType = file.storyboard; path = HandymanProfile.storyboard; sourceTree = "<group>"; };
		EDDBFDAF236066D1009E4E23 /* HandimanProfileViewController.swift */ = {isa = PBXFileReference; lastKnownFileType = sourcecode.swift; path = HandimanProfileViewController.swift; sourceTree = "<group>"; };
		EDDBFDB223607836009E4E23 /* CustomTextField.xib */ = {isa = PBXFileReference; lastKnownFileType = file.xib; path = CustomTextField.xib; sourceTree = "<group>"; };
		EDDBFDB4236078F0009E4E23 /* CustomTextField.swift */ = {isa = PBXFileReference; lastKnownFileType = sourcecode.swift; path = CustomTextField.swift; sourceTree = "<group>"; };
/* End PBXFileReference section */

/* Begin PBXFrameworksBuildPhase section */
		987D34F32350B48100446250 /* Frameworks */ = {
			isa = PBXFrameworksBuildPhase;
			buildActionMask = 2147483647;
			files = (
				A0BDC5356149FB5F51EA4BFB /* Pods_Handyman.framework in Frameworks */,
			);
			runOnlyForDeploymentPostprocessing = 0;
		};
/* End PBXFrameworksBuildPhase section */

/* Begin PBXGroup section */
		8F4DE18F0084AF678E03721B /* Frameworks */ = {
			isa = PBXGroup;
			children = (
				E1A232C6955CCA542A1E5B87 /* Pods_Handyman.framework */,
			);
			name = Frameworks;
			sourceTree = "<group>";
		};
		981AC4CD2357466D009C7D0E /* View's */ = {
			isa = PBXGroup;
			children = (
				EDDBFDB123607806009E4E23 /* CustomTextField */,
				981AC4CE23574687009C7D0E /* Header View */,
				988614712355DA380023F0CE /* DesignableButton.swift */,
				980EBAB3235877B500A7DFD7 /* AddPayoutTableViewCell.swift */,
			);
			path = "View's";
			sourceTree = "<group>";
		};
		981AC4CE23574687009C7D0E /* Header View */ = {
			isa = PBXGroup;
			children = (
				981AC4CF235746AB009C7D0E /* HeaderView.swift */,
				981AC4D1235746BE009C7D0E /* HeaderView.xib */,
			);
			path = "Header View";
			sourceTree = "<group>";
		};
		9832C76623549F20005155E9 /* ViewControllers */ = {
			isa = PBXGroup;
			children = (
				EDDBFDAE236066A4009E4E23 /* HandymanProfile */,
				987892C32358AA6600027292 /* MainNavigationController.swift */,
				98FAD7CA2354CDFC004F89B7 /* Start */,
				9832C76723549F2D005155E9 /* OnBoarding */,
			);
			path = ViewControllers;
			sourceTree = "<group>";
		};
		9832C76723549F2D005155E9 /* OnBoarding */ = {
			isa = PBXGroup;
			children = (
				9832C76823549F64005155E9 /* OnBoardingSecondViewController.swift */,
				9832C76A23549FDA005155E9 /* OnBoardingThirdViewController.swift */,
				9832C76C2354A2E1005155E9 /* OnBoardingFirstViewController.swift */,
			);
			path = OnBoarding;
			sourceTree = "<group>";
		};
		987D34ED2350B48100446250 = {
			isa = PBXGroup;
			children = (
				987D34F82350B48100446250 /* Handyman */,
				987D34F72350B48100446250 /* Products */,
				9EA8BCBDA67A240A819A1F3B /* Pods */,
				8F4DE18F0084AF678E03721B /* Frameworks */,
			);
			sourceTree = "<group>";
		};
		987D34F72350B48100446250 /* Products */ = {
			isa = PBXGroup;
			children = (
				987D34F62350B48100446250 /* Handyman.app */,
			);
			name = Products;
			sourceTree = "<group>";
		};
		987D34F82350B48100446250 /* Handyman */ = {
			isa = PBXGroup;
			children = (
				98FD1B0923588ACE00BACBB6 /* Models */,
				981AC4CD2357466D009C7D0E /* View's */,
				98FAD7C72354C98D004F89B7 /* Resources */,
				98FAD70A2354AA27004F89B7 /* Storyboards */,
				9832C76623549F20005155E9 /* ViewControllers */,
			);
			path = Handyman;
			sourceTree = "<group>";
		};
		988614792355EB950023F0CE /* Log In */ = {
			isa = PBXGroup;
			children = (
				988614752355E8240023F0CE /* LogInViewController.swift */,
				988614772355EB0F0023F0CE /* ForgotPasswordViewController.swift */,
			);
			path = "Log In";
			sourceTree = "<group>";
		};
		9886147A2355EBA30023F0CE /* Sign Up */ = {
			isa = PBXGroup;
			children = (
				981AC4C923573B7E009C7D0E /* SignUpViewController.swift */,
				981AC4CB235740CA009C7D0E /* ActiveAcountViewController.swift */,
				981AC4D323574E14009C7D0E /* AddPayoutViewController.swift */,
			);
			path = "Sign Up";
			sourceTree = "<group>";
		};
		98FAD70A2354AA27004F89B7 /* Storyboards */ = {
			isa = PBXGroup;
			children = (
				987D34FF2350B48100446250 /* OnBoarding.storyboard */,
				98FAD7C82354CB3A004F89B7 /* Start.storyboard */,
				98F8443923573887003BA8EA /* SignUp.storyboard */,
				EDDBFDAC236064CA009E4E23 /* HandymanProfile.storyboard */,
			);
			path = Storyboards;
			sourceTree = "<group>";
		};
		98FAD7C72354C98D004F89B7 /* Resources */ = {
			isa = PBXGroup;
			children = (
				987D34F92350B48100446250 /* AppDelegate.swift */,
				98BF65842350BC7B0047A3E6 /* SceneDelegate.swift */,
				987D35022350B48200446250 /* Assets.xcassets */,
				987D35042350B48200446250 /* LaunchScreen.storyboard */,
				987D35072350B48200446250 /* Info.plist */,
				983A03F02350B53C00EB27C7 /* GoogleService-Info.plist */,
			);
			path = Resources;
			sourceTree = "<group>";
		};
		98FAD7CA2354CDFC004F89B7 /* Start */ = {
			isa = PBXGroup;
			children = (
				9886147A2355EBA30023F0CE /* Sign Up */,
				988614792355EB950023F0CE /* Log In */,
				98FAD7CB2354CE1A004F89B7 /* StartViewController.swift */,
				988614732355DF9D0023F0CE /* RegisterViewController.swift */,
			);
			path = Start;
			sourceTree = "<group>";
		};
		98FD1B0923588ACE00BACBB6 /* Models */ = {
			isa = PBXGroup;
			children = (
				98FD1B0A23588AE000BACBB6 /* Handyman.swift */,
				98FD1B0C23589E0200BACBB6 /* Customer.swift */,
			);
			path = Models;
			sourceTree = "<group>";
		};
		9EA8BCBDA67A240A819A1F3B /* Pods */ = {
			isa = PBXGroup;
			children = (
				549E9867D7B46D3F7EA2FA55 /* Pods-Handyman.debug.xcconfig */,
				E2B4CD1FBFA933C973BE31FD /* Pods-Handyman.release.xcconfig */,
			);
			path = Pods;
			sourceTree = "<group>";
		};
		EDDBFDAE236066A4009E4E23 /* HandymanProfile */ = {
			isa = PBXGroup;
			children = (
				EDDBFDAF236066D1009E4E23 /* HandimanProfileViewController.swift */,
			);
			path = HandymanProfile;
			sourceTree = "<group>";
		};
		EDDBFDB123607806009E4E23 /* CustomTextField */ = {
			isa = PBXGroup;
			children = (
				EDDBFDB223607836009E4E23 /* CustomTextField.xib */,
				EDDBFDB4236078F0009E4E23 /* CustomTextField.swift */,
			);
			path = CustomTextField;
			sourceTree = "<group>";
		};
/* End PBXGroup section */

/* Begin PBXNativeTarget section */
		987D34F52350B48100446250 /* Handyman */ = {
			isa = PBXNativeTarget;
			buildConfigurationList = 987D350A2350B48200446250 /* Build configuration list for PBXNativeTarget "Handyman" */;
			buildPhases = (
				909D1715B204D809EFD9BAE4 /* [CP] Check Pods Manifest.lock */,
				987D34F22350B48100446250 /* Sources */,
				987D34F32350B48100446250 /* Frameworks */,
				987D34F42350B48100446250 /* Resources */,
				0BBCEEE150E51E4FD6C271B3 /* [CP] Embed Pods Frameworks */,
			);
			buildRules = (
			);
			dependencies = (
			);
			name = Handyman;
			productName = Handyman;
			productReference = 987D34F62350B48100446250 /* Handyman.app */;
			productType = "com.apple.product-type.application";
		};
/* End PBXNativeTarget section */

/* Begin PBXProject section */
		987D34EE2350B48100446250 /* Project object */ = {
			isa = PBXProject;
			attributes = {
				LastSwiftUpdateCheck = 1110;
				LastUpgradeCheck = 1110;
				ORGANIZATIONNAME = "Gev Avetisyan";
				TargetAttributes = {
					987D34F52350B48100446250 = {
						CreatedOnToolsVersion = 11.1;
					};
				};
			};
			buildConfigurationList = 987D34F12350B48100446250 /* Build configuration list for PBXProject "Handyman" */;
			compatibilityVersion = "Xcode 9.3";
			developmentRegion = en;
			hasScannedForEncodings = 0;
			knownRegions = (
				en,
				Base,
			);
			mainGroup = 987D34ED2350B48100446250;
			productRefGroup = 987D34F72350B48100446250 /* Products */;
			projectDirPath = "";
			projectRoot = "";
			targets = (
				987D34F52350B48100446250 /* Handyman */,
			);
		};
/* End PBXProject section */

/* Begin PBXResourcesBuildPhase section */
		987D34F42350B48100446250 /* Resources */ = {
			isa = PBXResourcesBuildPhase;
			buildActionMask = 2147483647;
			files = (
				987D35062350B48200446250 /* LaunchScreen.storyboard in Resources */,
				983A03F12350B53C00EB27C7 /* GoogleService-Info.plist in Resources */,
				EDDBFDAD236064CA009E4E23 /* HandymanProfile.storyboard in Resources */,
				98F8443A23573887003BA8EA /* SignUp.storyboard in Resources */,
				987D35032350B48200446250 /* Assets.xcassets in Resources */,
				EDDBFDB323607836009E4E23 /* CustomTextField.xib in Resources */,
				987D35012350B48100446250 /* OnBoarding.storyboard in Resources */,
				98FAD7C92354CB3A004F89B7 /* Start.storyboard in Resources */,
				981AC4D2235746BE009C7D0E /* HeaderView.xib in Resources */,
			);
			runOnlyForDeploymentPostprocessing = 0;
		};
/* End PBXResourcesBuildPhase section */

/* Begin PBXShellScriptBuildPhase section */
		0BBCEEE150E51E4FD6C271B3 /* [CP] Embed Pods Frameworks */ = {
			isa = PBXShellScriptBuildPhase;
			buildActionMask = 2147483647;
			files = (
			);
			inputFileListPaths = (
				"${PODS_ROOT}/Target Support Files/Pods-Handyman/Pods-Handyman-frameworks-${CONFIGURATION}-input-files.xcfilelist",
			);
			name = "[CP] Embed Pods Frameworks";
			outputFileListPaths = (
				"${PODS_ROOT}/Target Support Files/Pods-Handyman/Pods-Handyman-frameworks-${CONFIGURATION}-output-files.xcfilelist",
			);
			runOnlyForDeploymentPostprocessing = 0;
			shellPath = /bin/sh;
			shellScript = "\"${PODS_ROOT}/Target Support Files/Pods-Handyman/Pods-Handyman-frameworks.sh\"\n";
			showEnvVarsInLog = 0;
		};
		909D1715B204D809EFD9BAE4 /* [CP] Check Pods Manifest.lock */ = {
			isa = PBXShellScriptBuildPhase;
			buildActionMask = 2147483647;
			files = (
			);
			inputFileListPaths = (
			);
			inputPaths = (
				"${PODS_PODFILE_DIR_PATH}/Podfile.lock",
				"${PODS_ROOT}/Manifest.lock",
			);
			name = "[CP] Check Pods Manifest.lock";
			outputFileListPaths = (
			);
			outputPaths = (
				"$(DERIVED_FILE_DIR)/Pods-Handyman-checkManifestLockResult.txt",
			);
			runOnlyForDeploymentPostprocessing = 0;
			shellPath = /bin/sh;
			shellScript = "diff \"${PODS_PODFILE_DIR_PATH}/Podfile.lock\" \"${PODS_ROOT}/Manifest.lock\" > /dev/null\nif [ $? != 0 ] ; then\n    # print error to STDERR\n    echo \"error: The sandbox is not in sync with the Podfile.lock. Run 'pod install' or update your CocoaPods installation.\" >&2\n    exit 1\nfi\n# This output is used by Xcode 'outputs' to avoid re-running this script phase.\necho \"SUCCESS\" > \"${SCRIPT_OUTPUT_FILE_0}\"\n";
			showEnvVarsInLog = 0;
		};
/* End PBXShellScriptBuildPhase section */

/* Begin PBXSourcesBuildPhase section */
		987D34F22350B48100446250 /* Sources */ = {
			isa = PBXSourcesBuildPhase;
			buildActionMask = 2147483647;
			files = (
				987892C42358AA6600027292 /* MainNavigationController.swift in Sources */,
				981AC4CC235740CA009C7D0E /* ActiveAcountViewController.swift in Sources */,
				EDDBFDB0236066D1009E4E23 /* HandimanProfileViewController.swift in Sources */,
				981AC4CA23573B7E009C7D0E /* SignUpViewController.swift in Sources */,
				EDDBFDB5236078F0009E4E23 /* CustomTextField.swift in Sources */,
				9832C76923549F64005155E9 /* OnBoardingSecondViewController.swift in Sources */,
				9832C76D2354A2E1005155E9 /* OnBoardingFirstViewController.swift in Sources */,
				988614762355E8240023F0CE /* LogInViewController.swift in Sources */,
				988614722355DA380023F0CE /* DesignableButton.swift in Sources */,
				988614742355DF9D0023F0CE /* RegisterViewController.swift in Sources */,
				9832C76B23549FDA005155E9 /* OnBoardingThirdViewController.swift in Sources */,
				988614782355EB0F0023F0CE /* ForgotPasswordViewController.swift in Sources */,
				98FD1B0B23588AE000BACBB6 /* Handyman.swift in Sources */,
				987D34FA2350B48100446250 /* AppDelegate.swift in Sources */,
				981AC4D423574E14009C7D0E /* AddPayoutViewController.swift in Sources */,
				98BF65852350BC7B0047A3E6 /* SceneDelegate.swift in Sources */,
				98FAD7CC2354CE1A004F89B7 /* StartViewController.swift in Sources */,
				98FD1B0D23589E0200BACBB6 /* Customer.swift in Sources */,
				981AC4D0235746AB009C7D0E /* HeaderView.swift in Sources */,
				980EBAB4235877B500A7DFD7 /* AddPayoutTableViewCell.swift in Sources */,
			);
			runOnlyForDeploymentPostprocessing = 0;
		};
/* End PBXSourcesBuildPhase section */

/* Begin PBXVariantGroup section */
		987D34FF2350B48100446250 /* OnBoarding.storyboard */ = {
			isa = PBXVariantGroup;
			children = (
				987D35002350B48100446250 /* Base */,
			);
			name = OnBoarding.storyboard;
			sourceTree = "<group>";
		};
		987D35042350B48200446250 /* LaunchScreen.storyboard */ = {
			isa = PBXVariantGroup;
			children = (
				987D35052350B48200446250 /* Base */,
			);
			name = LaunchScreen.storyboard;
			sourceTree = "<group>";
		};
/* End PBXVariantGroup section */

/* Begin XCBuildConfiguration section */
		987D35082350B48200446250 /* Debug */ = {
			isa = XCBuildConfiguration;
			buildSettings = {
				ALWAYS_SEARCH_USER_PATHS = NO;
				CLANG_ANALYZER_NONNULL = YES;
				CLANG_ANALYZER_NUMBER_OBJECT_CONVERSION = YES_AGGRESSIVE;
				CLANG_CXX_LANGUAGE_STANDARD = "gnu++14";
				CLANG_CXX_LIBRARY = "libc++";
				CLANG_ENABLE_MODULES = YES;
				CLANG_ENABLE_OBJC_ARC = YES;
				CLANG_ENABLE_OBJC_WEAK = YES;
				CLANG_WARN_BLOCK_CAPTURE_AUTORELEASING = YES;
				CLANG_WARN_BOOL_CONVERSION = YES;
				CLANG_WARN_COMMA = YES;
				CLANG_WARN_CONSTANT_CONVERSION = YES;
				CLANG_WARN_DEPRECATED_OBJC_IMPLEMENTATIONS = YES;
				CLANG_WARN_DIRECT_OBJC_ISA_USAGE = YES_ERROR;
				CLANG_WARN_DOCUMENTATION_COMMENTS = YES;
				CLANG_WARN_EMPTY_BODY = YES;
				CLANG_WARN_ENUM_CONVERSION = YES;
				CLANG_WARN_INFINITE_RECURSION = YES;
				CLANG_WARN_INT_CONVERSION = YES;
				CLANG_WARN_NON_LITERAL_NULL_CONVERSION = YES;
				CLANG_WARN_OBJC_IMPLICIT_RETAIN_SELF = YES;
				CLANG_WARN_OBJC_LITERAL_CONVERSION = YES;
				CLANG_WARN_OBJC_ROOT_CLASS = YES_ERROR;
				CLANG_WARN_RANGE_LOOP_ANALYSIS = YES;
				CLANG_WARN_STRICT_PROTOTYPES = YES;
				CLANG_WARN_SUSPICIOUS_MOVE = YES;
				CLANG_WARN_UNGUARDED_AVAILABILITY = YES_AGGRESSIVE;
				CLANG_WARN_UNREACHABLE_CODE = YES;
				CLANG_WARN__DUPLICATE_METHOD_MATCH = YES;
				COPY_PHASE_STRIP = NO;
				DEBUG_INFORMATION_FORMAT = dwarf;
				ENABLE_STRICT_OBJC_MSGSEND = YES;
				ENABLE_TESTABILITY = YES;
				GCC_C_LANGUAGE_STANDARD = gnu11;
				GCC_DYNAMIC_NO_PIC = NO;
				GCC_NO_COMMON_BLOCKS = YES;
				GCC_OPTIMIZATION_LEVEL = 0;
				GCC_PREPROCESSOR_DEFINITIONS = (
					"DEBUG=1",
					"$(inherited)",
				);
				GCC_WARN_64_TO_32_BIT_CONVERSION = YES;
				GCC_WARN_ABOUT_RETURN_TYPE = YES_ERROR;
				GCC_WARN_UNDECLARED_SELECTOR = YES;
				GCC_WARN_UNINITIALIZED_AUTOS = YES_AGGRESSIVE;
				GCC_WARN_UNUSED_FUNCTION = YES;
				GCC_WARN_UNUSED_VARIABLE = YES;
				INFOPLIST_FILE = /Users/gevavetisyan/Desktop/Handyman/Handyman/Resources/Info.plist;
				IPHONEOS_DEPLOYMENT_TARGET = 13.1;
				MTL_ENABLE_DEBUG_INFO = INCLUDE_SOURCE;
				MTL_FAST_MATH = YES;
				ONLY_ACTIVE_ARCH = YES;
				SDKROOT = iphoneos;
				SWIFT_ACTIVE_COMPILATION_CONDITIONS = DEBUG;
				SWIFT_OPTIMIZATION_LEVEL = "-Onone";
			};
			name = Debug;
		};
		987D35092350B48200446250 /* Release */ = {
			isa = XCBuildConfiguration;
			buildSettings = {
				ALWAYS_SEARCH_USER_PATHS = NO;
				CLANG_ANALYZER_NONNULL = YES;
				CLANG_ANALYZER_NUMBER_OBJECT_CONVERSION = YES_AGGRESSIVE;
				CLANG_CXX_LANGUAGE_STANDARD = "gnu++14";
				CLANG_CXX_LIBRARY = "libc++";
				CLANG_ENABLE_MODULES = YES;
				CLANG_ENABLE_OBJC_ARC = YES;
				CLANG_ENABLE_OBJC_WEAK = YES;
				CLANG_WARN_BLOCK_CAPTURE_AUTORELEASING = YES;
				CLANG_WARN_BOOL_CONVERSION = YES;
				CLANG_WARN_COMMA = YES;
				CLANG_WARN_CONSTANT_CONVERSION = YES;
				CLANG_WARN_DEPRECATED_OBJC_IMPLEMENTATIONS = YES;
				CLANG_WARN_DIRECT_OBJC_ISA_USAGE = YES_ERROR;
				CLANG_WARN_DOCUMENTATION_COMMENTS = YES;
				CLANG_WARN_EMPTY_BODY = YES;
				CLANG_WARN_ENUM_CONVERSION = YES;
				CLANG_WARN_INFINITE_RECURSION = YES;
				CLANG_WARN_INT_CONVERSION = YES;
				CLANG_WARN_NON_LITERAL_NULL_CONVERSION = YES;
				CLANG_WARN_OBJC_IMPLICIT_RETAIN_SELF = YES;
				CLANG_WARN_OBJC_LITERAL_CONVERSION = YES;
				CLANG_WARN_OBJC_ROOT_CLASS = YES_ERROR;
				CLANG_WARN_RANGE_LOOP_ANALYSIS = YES;
				CLANG_WARN_STRICT_PROTOTYPES = YES;
				CLANG_WARN_SUSPICIOUS_MOVE = YES;
				CLANG_WARN_UNGUARDED_AVAILABILITY = YES_AGGRESSIVE;
				CLANG_WARN_UNREACHABLE_CODE = YES;
				CLANG_WARN__DUPLICATE_METHOD_MATCH = YES;
				COPY_PHASE_STRIP = NO;
				DEBUG_INFORMATION_FORMAT = "dwarf-with-dsym";
				ENABLE_NS_ASSERTIONS = NO;
				ENABLE_STRICT_OBJC_MSGSEND = YES;
				GCC_C_LANGUAGE_STANDARD = gnu11;
				GCC_NO_COMMON_BLOCKS = YES;
				GCC_WARN_64_TO_32_BIT_CONVERSION = YES;
				GCC_WARN_ABOUT_RETURN_TYPE = YES_ERROR;
				GCC_WARN_UNDECLARED_SELECTOR = YES;
				GCC_WARN_UNINITIALIZED_AUTOS = YES_AGGRESSIVE;
				GCC_WARN_UNUSED_FUNCTION = YES;
				GCC_WARN_UNUSED_VARIABLE = YES;
				INFOPLIST_FILE = /Users/gevavetisyan/Desktop/Handyman/Handyman/Resources/Info.plist;
				IPHONEOS_DEPLOYMENT_TARGET = 13.1;
				MTL_ENABLE_DEBUG_INFO = NO;
				MTL_FAST_MATH = YES;
				SDKROOT = iphoneos;
				SWIFT_COMPILATION_MODE = wholemodule;
				SWIFT_OPTIMIZATION_LEVEL = "-O";
				VALIDATE_PRODUCT = YES;
			};
			name = Release;
		};
		987D350B2350B48200446250 /* Debug */ = {
			isa = XCBuildConfiguration;
			baseConfigurationReference = 549E9867D7B46D3F7EA2FA55 /* Pods-Handyman.debug.xcconfig */;
			buildSettings = {
				ASSETCATALOG_COMPILER_APPICON_NAME = AppIcon;
				CODE_SIGN_STYLE = Automatic;
				DEVELOPMENT_ASSET_PATHS = Handyman/Resources/Assets.xcassets;
				GCC_OPTIMIZATION_LEVEL = 1;
				INFOPLIST_FILE = /Users/gevorgavetisyan/Desktop/Handyman/Handyman/Resources/Info.plist;
				IPHONEOS_DEPLOYMENT_TARGET = 13.1;
				LD_RUNPATH_SEARCH_PATHS = (
					"$(inherited)",
					"@executable_path/Frameworks",
				);
				OTHER_SWIFT_FLAGS = "$(inherited) -D COCOAPODS -Onone";
				PRODUCT_BUNDLE_IDENTIFIER = com.GevorgAvetisyan.Handyman;
				PRODUCT_NAME = "$(TARGET_NAME)";
				SWIFT_VERSION = 5.0;
				TARGETED_DEVICE_FAMILY = "1,2";
			};
			name = Debug;
		};
		987D350C2350B48200446250 /* Release */ = {
			isa = XCBuildConfiguration;
			baseConfigurationReference = E2B4CD1FBFA933C973BE31FD /* Pods-Handyman.release.xcconfig */;
			buildSettings = {
				ASSETCATALOG_COMPILER_APPICON_NAME = AppIcon;
				CODE_SIGN_STYLE = Automatic;
				DEVELOPMENT_ASSET_PATHS = Handyman/Resources/Assets.xcassets;
				GCC_OPTIMIZATION_LEVEL = 1;
				INFOPLIST_FILE = /Users/gevorgavetisyan/Desktop/Handyman/Handyman/Resources/Info.plist;
				IPHONEOS_DEPLOYMENT_TARGET = 13.1;
				LD_RUNPATH_SEARCH_PATHS = (
					"$(inherited)",
					"@executable_path/Frameworks",
				);
				OTHER_SWIFT_FLAGS = "$(inherited) -D COCOAPODS -Onone";
				PRODUCT_BUNDLE_IDENTIFIER = com.GevorgAvetisyan.Handyman;
				PRODUCT_NAME = "$(TARGET_NAME)";
				SWIFT_VERSION = 5.0;
				TARGETED_DEVICE_FAMILY = "1,2";
			};
			name = Release;
		};
/* End XCBuildConfiguration section */

/* Begin XCConfigurationList section */
		987D34F12350B48100446250 /* Build configuration list for PBXProject "Handyman" */ = {
			isa = XCConfigurationList;
			buildConfigurations = (
				987D35082350B48200446250 /* Debug */,
				987D35092350B48200446250 /* Release */,
			);
			defaultConfigurationIsVisible = 0;
			defaultConfigurationName = Release;
		};
		987D350A2350B48200446250 /* Build configuration list for PBXNativeTarget "Handyman" */ = {
			isa = XCConfigurationList;
			buildConfigurations = (
				987D350B2350B48200446250 /* Debug */,
				987D350C2350B48200446250 /* Release */,
			);
			defaultConfigurationIsVisible = 0;
			defaultConfigurationName = Release;
		};
/* End XCConfigurationList section */
	};
	rootObject = 987D34EE2350B48100446250 /* Project object */;
}
